// !$*UTF8*$!
{
	archiveVersion = 1;
	classes = {
	};
	objectVersion = 55;
	objects = {

/* Begin PBXBuildFile section */
		BF8D1DD927EEF58200961913 /* tutorial_swift_syntaxApp.swift in Sources */ = {isa = PBXBuildFile; fileRef = BF8D1DD827EEF58200961913 /* tutorial_swift_syntaxApp.swift */; };
		BF8D1DDB27EEF58200961913 /* ContentView.swift in Sources */ = {isa = PBXBuildFile; fileRef = BF8D1DDA27EEF58200961913 /* ContentView.swift */; };
		BF8D1DDD27EEF58300961913 /* Assets.xcassets in Resources */ = {isa = PBXBuildFile; fileRef = BF8D1DDC27EEF58300961913 /* Assets.xcassets */; };
		BF8D1DE027EEF58300961913 /* Preview Assets.xcassets in Resources */ = {isa = PBXBuildFile; fileRef = BF8D1DDF27EEF58300961913 /* Preview Assets.xcassets */; };
		BF8D1DEA27EEF58300961913 /* tutorial_swift_syntaxTests.swift in Sources */ = {isa = PBXBuildFile; fileRef = BF8D1DE927EEF58300961913 /* tutorial_swift_syntaxTests.swift */; };
		BF8D1DF427EEF58300961913 /* tutorial_swift_syntaxUITests.swift in Sources */ = {isa = PBXBuildFile; fileRef = BF8D1DF327EEF58300961913 /* tutorial_swift_syntaxUITests.swift */; };
		BF8D1DF627EEF58300961913 /* tutorial_swift_syntaxUITestsLaunchTests.swift in Sources */ = {isa = PBXBuildFile; fileRef = BF8D1DF527EEF58300961913 /* tutorial_swift_syntaxUITestsLaunchTests.swift */; };
/* End PBXBuildFile section */

/* Begin PBXContainerItemProxy section */
		BF8D1DE627EEF58300961913 /* PBXContainerItemProxy */ = {
			isa = PBXContainerItemProxy;
			containerPortal = BF8D1DCD27EEF58200961913 /* Project object */;
			proxyType = 1;
			remoteGlobalIDString = BF8D1DD427EEF58200961913;
			remoteInfo = "tutorial-swift-syntax";
		};
		BF8D1DF027EEF58300961913 /* PBXContainerItemProxy */ = {
			isa = PBXContainerItemProxy;
			containerPortal = BF8D1DCD27EEF58200961913 /* Project object */;
			proxyType = 1;
			remoteGlobalIDString = BF8D1DD427EEF58200961913;
			remoteInfo = "tutorial-swift-syntax";
		};
/* End PBXContainerItemProxy section */

/* Begin PBXFileReference section */
		BF8D1DD527EEF58200961913 /* tutorial-swift-syntax.app */ = {isa = PBXFileReference; explicitFileType = wrapper.application; includeInIndex = 0; path = "tutorial-swift-syntax.app"; sourceTree = BUILT_PRODUCTS_DIR; };
		BF8D1DD827EEF58200961913 /* tutorial_swift_syntaxApp.swift */ = {isa = PBXFileReference; lastKnownFileType = sourcecode.swift; path = tutorial_swift_syntaxApp.swift; sourceTree = "<group>"; };
		BF8D1DDA27EEF58200961913 /* ContentView.swift */ = {isa = PBXFileReference; lastKnownFileType = sourcecode.swift; path = ContentView.swift; sourceTree = "<group>"; };
		BF8D1DDC27EEF58300961913 /* Assets.xcassets */ = {isa = PBXFileReference; lastKnownFileType = folder.assetcatalog; path = Assets.xcassets; sourceTree = "<group>"; };
		BF8D1DDF27EEF58300961913 /* Preview Assets.xcassets */ = {isa = PBXFileReference; lastKnownFileType = folder.assetcatalog; path = "Preview Assets.xcassets"; sourceTree = "<group>"; };
		BF8D1DE527EEF58300961913 /* tutorial-swift-syntaxTests.xctest */ = {isa = PBXFileReference; explicitFileType = wrapper.cfbundle; includeInIndex = 0; path = "tutorial-swift-syntaxTests.xctest"; sourceTree = BUILT_PRODUCTS_DIR; };
		BF8D1DE927EEF58300961913 /* tutorial_swift_syntaxTests.swift */ = {isa = PBXFileReference; lastKnownFileType = sourcecode.swift; path = tutorial_swift_syntaxTests.swift; sourceTree = "<group>"; };
		BF8D1DEF27EEF58300961913 /* tutorial-swift-syntaxUITests.xctest */ = {isa = PBXFileReference; explicitFileType = wrapper.cfbundle; includeInIndex = 0; path = "tutorial-swift-syntaxUITests.xctest"; sourceTree = BUILT_PRODUCTS_DIR; };
		BF8D1DF327EEF58300961913 /* tutorial_swift_syntaxUITests.swift */ = {isa = PBXFileReference; lastKnownFileType = sourcecode.swift; path = tutorial_swift_syntaxUITests.swift; sourceTree = "<group>"; };
		BF8D1DF527EEF58300961913 /* tutorial_swift_syntaxUITestsLaunchTests.swift */ = {isa = PBXFileReference; lastKnownFileType = sourcecode.swift; path = tutorial_swift_syntaxUITestsLaunchTests.swift; sourceTree = "<group>"; };
/* End PBXFileReference section */

/* Begin PBXFrameworksBuildPhase section */
		BF8D1DD227EEF58200961913 /* Frameworks */ = {
			isa = PBXFrameworksBuildPhase;
			buildActionMask = 2147483647;
			files = (
			);
			runOnlyForDeploymentPostprocessing = 0;
		};
		BF8D1DE227EEF58300961913 /* Frameworks */ = {
			isa = PBXFrameworksBuildPhase;
			buildActionMask = 2147483647;
			files = (
			);
			runOnlyForDeploymentPostprocessing = 0;
		};
		BF8D1DEC27EEF58300961913 /* Frameworks */ = {
			isa = PBXFrameworksBuildPhase;
			buildActionMask = 2147483647;
			files = (
			);
			runOnlyForDeploymentPostprocessing = 0;
		};
/* End PBXFrameworksBuildPhase section */

/* Begin PBXGroup section */
		BF8D1DCC27EEF58200961913 = {
			isa = PBXGroup;
			children = (
				BF8D1DD727EEF58200961913 /* tutorial-swift-syntax */,
				BF8D1DE827EEF58300961913 /* tutorial-swift-syntaxTests */,
				BF8D1DF227EEF58300961913 /* tutorial-swift-syntaxUITests */,
				BF8D1DD627EEF58200961913 /* Products */,
			);
			sourceTree = "<group>";
		};
		BF8D1DD627EEF58200961913 /* Products */ = {
			isa = PBXGroup;
			children = (
				BF8D1DD527EEF58200961913 /* tutorial-swift-syntax.app */,
				BF8D1DE527EEF58300961913 /* tutorial-swift-syntaxTests.xctest */,
				BF8D1DEF27EEF58300961913 /* tutorial-swift-syntaxUITests.xctest */,
			);
			name = Products;
			sourceTree = "<group>";
		};
		BF8D1DD727EEF58200961913 /* tutorial-swift-syntax */ = {
			isa = PBXGroup;
			children = (
				BF8D1DD827EEF58200961913 /* tutorial_swift_syntaxApp.swift */,
				BF8D1DDA27EEF58200961913 /* ContentView.swift */,
				BF8D1DDC27EEF58300961913 /* Assets.xcassets */,
				BF8D1DDE27EEF58300961913 /* Preview Content */,
			);
			path = "tutorial-swift-syntax";
			sourceTree = "<group>";
		};
		BF8D1DDE27EEF58300961913 /* Preview Content */ = {
			isa = PBXGroup;
			children = (
				BF8D1DDF27EEF58300961913 /* Preview Assets.xcassets */,
			);
			path = "Preview Content";
			sourceTree = "<group>";
		};
		BF8D1DE827EEF58300961913 /* tutorial-swift-syntaxTests */ = {
			isa = PBXGroup;
			children = (
				BF8D1DE927EEF58300961913 /* tutorial_swift_syntaxTests.swift */,
			);
			path = "tutorial-swift-syntaxTests";
			sourceTree = "<group>";
		};
		BF8D1DF227EEF58300961913 /* tutorial-swift-syntaxUITests */ = {
			isa = PBXGroup;
			children = (
				BF8D1DF327EEF58300961913 /* tutorial_swift_syntaxUITests.swift */,
				BF8D1DF527EEF58300961913 /* tutorial_swift_syntaxUITestsLaunchTests.swift */,
			);
			path = "tutorial-swift-syntaxUITests";
			sourceTree = "<group>";
		};
/* End PBXGroup section */

/* Begin PBXNativeTarget section */
		BF8D1DD427EEF58200961913 /* tutorial-swift-syntax */ = {
			isa = PBXNativeTarget;
			buildConfigurationList = BF8D1DF927EEF58300961913 /* Build configuration list for PBXNativeTarget "tutorial-swift-syntax" */;
			buildPhases = (
				BF8D1DD127EEF58200961913 /* Sources */,
				BF8D1DD227EEF58200961913 /* Frameworks */,
				BF8D1DD327EEF58200961913 /* Resources */,
			);
			buildRules = (
			);
			dependencies = (
			);
			name = "tutorial-swift-syntax";
			productName = "tutorial-swift-syntax";
			productReference = BF8D1DD527EEF58200961913 /* tutorial-swift-syntax.app */;
			productType = "com.apple.product-type.application";
		};
		BF8D1DE427EEF58300961913 /* tutorial-swift-syntaxTests */ = {
			isa = PBXNativeTarget;
			buildConfigurationList = BF8D1DFC27EEF58300961913 /* Build configuration list for PBXNativeTarget "tutorial-swift-syntaxTests" */;
			buildPhases = (
				BF8D1DE127EEF58300961913 /* Sources */,
				BF8D1DE227EEF58300961913 /* Frameworks */,
				BF8D1DE327EEF58300961913 /* Resources */,
			);
			buildRules = (
			);
			dependencies = (
				BF8D1DE727EEF58300961913 /* PBXTargetDependency */,
			);
			name = "tutorial-swift-syntaxTests";
			productName = "tutorial-swift-syntaxTests";
			productReference = BF8D1DE527EEF58300961913 /* tutorial-swift-syntaxTests.xctest */;
			productType = "com.apple.product-type.bundle.unit-test";
		};
		BF8D1DEE27EEF58300961913 /* tutorial-swift-syntaxUITests */ = {
			isa = PBXNativeTarget;
			buildConfigurationList = BF8D1DFF27EEF58300961913 /* Build configuration list for PBXNativeTarget "tutorial-swift-syntaxUITests" */;
			buildPhases = (
				BF8D1DEB27EEF58300961913 /* Sources */,
				BF8D1DEC27EEF58300961913 /* Frameworks */,
				BF8D1DED27EEF58300961913 /* Resources */,
			);
			buildRules = (
			);
			dependencies = (
				BF8D1DF127EEF58300961913 /* PBXTargetDependency */,
			);
			name = "tutorial-swift-syntaxUITests";
			productName = "tutorial-swift-syntaxUITests";
			productReference = BF8D1DEF27EEF58300961913 /* tutorial-swift-syntaxUITests.xctest */;
			productType = "com.apple.product-type.bundle.ui-testing";
		};
/* End PBXNativeTarget section */

/* Begin PBXProject section */
		BF8D1DCD27EEF58200961913 /* Project object */ = {
			isa = PBXProject;
			attributes = {
				BuildIndependentTargetsInParallel = 1;
				LastSwiftUpdateCheck = 1330;
				LastUpgradeCheck = 1330;
				TargetAttributes = {
					BF8D1DD427EEF58200961913 = {
						CreatedOnToolsVersion = 13.3;
					};
					BF8D1DE427EEF58300961913 = {
						CreatedOnToolsVersion = 13.3;
						TestTargetID = BF8D1DD427EEF58200961913;
					};
					BF8D1DEE27EEF58300961913 = {
						CreatedOnToolsVersion = 13.3;
						TestTargetID = BF8D1DD427EEF58200961913;
					};
				};
			};
			buildConfigurationList = BF8D1DD027EEF58200961913 /* Build configuration list for PBXProject "tutorial-swift-syntax" */;
			compatibilityVersion = "Xcode 13.0";
			developmentRegion = en;
			hasScannedForEncodings = 0;
			knownRegions = (
				en,
				Base,
			);
			mainGroup = BF8D1DCC27EEF58200961913;
			productRefGroup = BF8D1DD627EEF58200961913 /* Products */;
			projectDirPath = "";
			projectRoot = "";
			targets = (
				BF8D1DD427EEF58200961913 /* tutorial-swift-syntax */,
				BF8D1DE427EEF58300961913 /* tutorial-swift-syntaxTests */,
				BF8D1DEE27EEF58300961913 /* tutorial-swift-syntaxUITests */,
			);
		};
/* End PBXProject section */

/* Begin PBXResourcesBuildPhase section */
		BF8D1DD327EEF58200961913 /* Resources */ = {
			isa = PBXResourcesBuildPhase;
			buildActionMask = 2147483647;
			files = (
				BF8D1DE027EEF58300961913 /* Preview Assets.xcassets in Resources */,
				BF8D1DDD27EEF58300961913 /* Assets.xcassets in Resources */,
			);
			runOnlyForDeploymentPostprocessing = 0;
		};
		BF8D1DE327EEF58300961913 /* Resources */ = {
			isa = PBXResourcesBuildPhase;
			buildActionMask = 2147483647;
			files = (
			);
			runOnlyForDeploymentPostprocessing = 0;
		};
		BF8D1DED27EEF58300961913 /* Resources */ = {
			isa = PBXResourcesBuildPhase;
			buildActionMask = 2147483647;
			files = (
			);
			runOnlyForDeploymentPostprocessing = 0;
		};
/* End PBXResourcesBuildPhase section */

/* Begin PBXSourcesBuildPhase section */
		BF8D1DD127EEF58200961913 /* Sources */ = {
			isa = PBXSourcesBuildPhase;
			buildActionMask = 2147483647;
			files = (
				BF8D1DDB27EEF58200961913 /* ContentView.swift in Sources */,
				BF8D1DD927EEF58200961913 /* tutorial_swift_syntaxApp.swift in Sources */,
			);
			runOnlyForDeploymentPostprocessing = 0;
		};
		BF8D1DE127EEF58300961913 /* Sources */ = {
			isa = PBXSourcesBuildPhase;
			buildActionMask = 2147483647;
			files = (
				BF8D1DEA27EEF58300961913 /* tutorial_swift_syntaxTests.swift in Sources */,
			);
			runOnlyForDeploymentPostprocessing = 0;
		};
		BF8D1DEB27EEF58300961913 /* Sources */ = {
			isa = PBXSourcesBuildPhase;
			buildActionMask = 2147483647;
			files = (
				BF8D1DF427EEF58300961913 /* tutorial_swift_syntaxUITests.swift in Sources */,
				BF8D1DF627EEF58300961913 /* tutorial_swift_syntaxUITestsLaunchTests.swift in Sources */,
			);
			runOnlyForDeploymentPostprocessing = 0;
		};
/* End PBXSourcesBuildPhase section */

/* Begin PBXTargetDependency section */
		BF8D1DE727EEF58300961913 /* PBXTargetDependency */ = {
			isa = PBXTargetDependency;
			target = BF8D1DD427EEF58200961913 /* tutorial-swift-syntax */;
			targetProxy = BF8D1DE627EEF58300961913 /* PBXContainerItemProxy */;
		};
		BF8D1DF127EEF58300961913 /* PBXTargetDependency */ = {
			isa = PBXTargetDependency;
			target = BF8D1DD427EEF58200961913 /* tutorial-swift-syntax */;
			targetProxy = BF8D1DF027EEF58300961913 /* PBXContainerItemProxy */;
		};
/* End PBXTargetDependency section */

/* Begin XCBuildConfiguration section */
		BF8D1DF727EEF58300961913 /* Debug */ = {
			isa = XCBuildConfiguration;
			buildSettings = {
				ALWAYS_SEARCH_USER_PATHS = NO;
				CLANG_ANALYZER_NONNULL = YES;
				CLANG_ANALYZER_NUMBER_OBJECT_CONVERSION = YES_AGGRESSIVE;
				CLANG_CXX_LANGUAGE_STANDARD = "gnu++17";
				CLANG_ENABLE_MODULES = YES;
				CLANG_ENABLE_OBJC_ARC = YES;
				CLANG_ENABLE_OBJC_WEAK = YES;
				CLANG_WARN_BLOCK_CAPTURE_AUTORELEASING = YES;
				CLANG_WARN_BOOL_CONVERSION = YES;
				CLANG_WARN_COMMA = YES;
				CLANG_WARN_CONSTANT_CONVERSION = YES;
				CLANG_WARN_DEPRECATED_OBJC_IMPLEMENTATIONS = YES;
				CLANG_WARN_DIRECT_OBJC_ISA_USAGE = YES_ERROR;
				CLANG_WARN_DOCUMENTATION_COMMENTS = YES;
				CLANG_WARN_EMPTY_BODY = YES;
				CLANG_WARN_ENUM_CONVERSION = YES;
				CLANG_WARN_INFINITE_RECURSION = YES;
				CLANG_WARN_INT_CONVERSION = YES;
				CLANG_WARN_NON_LITERAL_NULL_CONVERSION = YES;
				CLANG_WARN_OBJC_IMPLICIT_RETAIN_SELF = YES;
				CLANG_WARN_OBJC_LITERAL_CONVERSION = YES;
				CLANG_WARN_OBJC_ROOT_CLASS = YES_ERROR;
				CLANG_WARN_QUOTED_INCLUDE_IN_FRAMEWORK_HEADER = YES;
				CLANG_WARN_RANGE_LOOP_ANALYSIS = YES;
				CLANG_WARN_STRICT_PROTOTYPES = YES;
				CLANG_WARN_SUSPICIOUS_MOVE = YES;
				CLANG_WARN_UNGUARDED_AVAILABILITY = YES_AGGRESSIVE;
				CLANG_WARN_UNREACHABLE_CODE = YES;
				CLANG_WARN__DUPLICATE_METHOD_MATCH = YES;
				COPY_PHASE_STRIP = NO;
				DEBUG_INFORMATION_FORMAT = dwarf;
				ENABLE_STRICT_OBJC_MSGSEND = YES;
				ENABLE_TESTABILITY = YES;
				GCC_C_LANGUAGE_STANDARD = gnu11;
				GCC_DYNAMIC_NO_PIC = NO;
				GCC_NO_COMMON_BLOCKS = YES;
				GCC_OPTIMIZATION_LEVEL = 0;
				GCC_PREPROCESSOR_DEFINITIONS = (
					"DEBUG=1",
					"$(inherited)",
				);
				GCC_WARN_64_TO_32_BIT_CONVERSION = YES;
				GCC_WARN_ABOUT_RETURN_TYPE = YES_ERROR;
				GCC_WARN_UNDECLARED_SELECTOR = YES;
				GCC_WARN_UNINITIALIZED_AUTOS = YES_AGGRESSIVE;
				GCC_WARN_UNUSED_FUNCTION = YES;
				GCC_WARN_UNUSED_VARIABLE = YES;
				IPHONEOS_DEPLOYMENT_TARGET = 15.4;
				MTL_ENABLE_DEBUG_INFO = INCLUDE_SOURCE;
				MTL_FAST_MATH = YES;
				ONLY_ACTIVE_ARCH = YES;
				SDKROOT = iphoneos;
				SWIFT_ACTIVE_COMPILATION_CONDITIONS = DEBUG;
				SWIFT_OPTIMIZATION_LEVEL = "-Onone";
			};
			name = Debug;
		};
		BF8D1DF827EEF58300961913 /* Release */ = {
			isa = XCBuildConfiguration;
			buildSettings = {
				ALWAYS_SEARCH_USER_PATHS = NO;
				CLANG_ANALYZER_NONNULL = YES;
				CLANG_ANALYZER_NUMBER_OBJECT_CONVERSION = YES_AGGRESSIVE;
				CLANG_CXX_LANGUAGE_STANDARD = "gnu++17";
				CLANG_ENABLE_MODULES = YES;
				CLANG_ENABLE_OBJC_ARC = YES;
				CLANG_ENABLE_OBJC_WEAK = YES;
				CLANG_WARN_BLOCK_CAPTURE_AUTORELEASING = YES;
				CLANG_WARN_BOOL_CONVERSION = YES;
				CLANG_WARN_COMMA = YES;
				CLANG_WARN_CONSTANT_CONVERSION = YES;
				CLANG_WARN_DEPRECATED_OBJC_IMPLEMENTATIONS = YES;
				CLANG_WARN_DIRECT_OBJC_ISA_USAGE = YES_ERROR;
				CLANG_WARN_DOCUMENTATION_COMMENTS = YES;
				CLANG_WARN_EMPTY_BODY = YES;
				CLANG_WARN_ENUM_CONVERSION = YES;
				CLANG_WARN_INFINITE_RECURSION = YES;
				CLANG_WARN_INT_CONVERSION = YES;
				CLANG_WARN_NON_LITERAL_NULL_CONVERSION = YES;
				CLANG_WARN_OBJC_IMPLICIT_RETAIN_SELF = YES;
				CLANG_WARN_OBJC_LITERAL_CONVERSION = YES;
				CLANG_WARN_OBJC_ROOT_CLASS = YES_ERROR;
				CLANG_WARN_QUOTED_INCLUDE_IN_FRAMEWORK_HEADER = YES;
				CLANG_WARN_RANGE_LOOP_ANALYSIS = YES;
				CLANG_WARN_STRICT_PROTOTYPES = YES;
				CLANG_WARN_SUSPICIOUS_MOVE = YES;
				CLANG_WARN_UNGUARDED_AVAILABILITY = YES_AGGRESSIVE;
				CLANG_WARN_UNREACHABLE_CODE = YES;
				CLANG_WARN__DUPLICATE_METHOD_MATCH = YES;
				COPY_PHASE_STRIP = NO;
				DEBUG_INFORMATION_FORMAT = "dwarf-with-dsym";
				ENABLE_NS_ASSERTIONS = NO;
				ENABLE_STRICT_OBJC_MSGSEND = YES;
				GCC_C_LANGUAGE_STANDARD = gnu11;
				GCC_NO_COMMON_BLOCKS = YES;
				GCC_WARN_64_TO_32_BIT_CONVERSION = YES;
				GCC_WARN_ABOUT_RETURN_TYPE = YES_ERROR;
				GCC_WARN_UNDECLARED_SELECTOR = YES;
				GCC_WARN_UNINITIALIZED_AUTOS = YES_AGGRESSIVE;
				GCC_WARN_UNUSED_FUNCTION = YES;
				GCC_WARN_UNUSED_VARIABLE = YES;
				IPHONEOS_DEPLOYMENT_TARGET = 15.4;
				MTL_ENABLE_DEBUG_INFO = NO;
				MTL_FAST_MATH = YES;
				SDKROOT = iphoneos;
				SWIFT_COMPILATION_MODE = wholemodule;
				SWIFT_OPTIMIZATION_LEVEL = "-O";
				VALIDATE_PRODUCT = YES;
			};
			name = Release;
		};
		BF8D1DFA27EEF58300961913 /* Debug */ = {
			isa = XCBuildConfiguration;
			buildSettings = {
				ASSETCATALOG_COMPILER_APPICON_NAME = AppIcon;
				ASSETCATALOG_COMPILER_GLOBAL_ACCENT_COLOR_NAME = AccentColor;
				CODE_SIGN_STYLE = Automatic;
				CURRENT_PROJECT_VERSION = 1;
				DEVELOPMENT_ASSET_PATHS = "\"tutorial-swift-syntax/Preview Content\"";
				ENABLE_PREVIEWS = YES;
				GENERATE_INFOPLIST_FILE = YES;
				INFOPLIST_KEY_UIApplicationSceneManifest_Generation = YES;
				INFOPLIST_KEY_UIApplicationSupportsIndirectInputEvents = YES;
				INFOPLIST_KEY_UILaunchScreen_Generation = YES;
				INFOPLIST_KEY_UISupportedInterfaceOrientations_iPad = "UIInterfaceOrientationPortrait UIInterfaceOrientationPortraitUpsideDown UIInterfaceOrientationLandscapeLeft UIInterfaceOrientationLandscapeRight";
				INFOPLIST_KEY_UISupportedInterfaceOrientations_iPhone = "UIInterfaceOrientationPortrait UIInterfaceOrientationLandscapeLeft UIInterfaceOrientationLandscapeRight";
				LD_RUNPATH_SEARCH_PATHS = (
					"$(inherited)",
					"@executable_path/Frameworks",
				);
				MARKETING_VERSION = 1.0;
				PRODUCT_BUNDLE_IDENTIFIER = "sootulliyang.dev.tutorial-swift-syntax";
				PRODUCT_NAME = "$(TARGET_NAME)";
				SWIFT_EMIT_LOC_STRINGS = YES;
				SWIFT_VERSION = 5.0;
				TARGETED_DEVICE_FAMILY = "1,2";
			};
			name = Debug;
		};
		BF8D1DFB27EEF58300961913 /* Release */ = {
			isa = XCBuildConfiguration;
			buildSettings = {
				ASSETCATALOG_COMPILER_APPICON_NAME = AppIcon;
				ASSETCATALOG_COMPILER_GLOBAL_ACCENT_COLOR_NAME = AccentColor;
				CODE_SIGN_STYLE = Automatic;
				CURRENT_PROJECT_VERSION = 1;
				DEVELOPMENT_ASSET_PATHS = "\"tutorial-swift-syntax/Preview Content\"";
				ENABLE_PREVIEWS = YES;
				GENERATE_INFOPLIST_FILE = YES;
				INFOPLIST_KEY_UIApplicationSceneManifest_Generation = YES;
				INFOPLIST_KEY_UIApplicationSupportsIndirectInputEvents = YES;
				INFOPLIST_KEY_UILaunchScreen_Generation = YES;
				INFOPLIST_KEY_UISupportedInterfaceOrientations_iPad = "UIInterfaceOrientationPortrait UIInterfaceOrientationPortraitUpsideDown UIInterfaceOrientationLandscapeLeft UIInterfaceOrientationLandscapeRight";
				INFOPLIST_KEY_UISupportedInterfaceOrientations_iPhone = "UIInterfaceOrientationPortrait UIInterfaceOrientationLandscapeLeft UIInterfaceOrientationLandscapeRight";
				LD_RUNPATH_SEARCH_PATHS = (
					"$(inherited)",
					"@executable_path/Frameworks",
				);
				MARKETING_VERSION = 1.0;
				PRODUCT_BUNDLE_IDENTIFIER = "sootulliyang.dev.tutorial-swift-syntax";
				PRODUCT_NAME = "$(TARGET_NAME)";
				SWIFT_EMIT_LOC_STRINGS = YES;
				SWIFT_VERSION = 5.0;
				TARGETED_DEVICE_FAMILY = "1,2";
			};
			name = Release;
		};
		BF8D1DFD27EEF58300961913 /* Debug */ = {
			isa = XCBuildConfiguration;
			buildSettings = {
				ALWAYS_EMBED_SWIFT_STANDARD_LIBRARIES = YES;
				BUNDLE_LOADER = "$(TEST_HOST)";
				CODE_SIGN_STYLE = Automatic;
				CURRENT_PROJECT_VERSION = 1;
				GENERATE_INFOPLIST_FILE = YES;
				IPHONEOS_DEPLOYMENT_TARGET = 15.4;
				MARKETING_VERSION = 1.0;
				PRODUCT_BUNDLE_IDENTIFIER = "sootulliyang.dev.tutorial-swift-syntaxTests";
				PRODUCT_NAME = "$(TARGET_NAME)";
				SWIFT_EMIT_LOC_STRINGS = NO;
				SWIFT_VERSION = 5.0;
				TARGETED_DEVICE_FAMILY = "1,2";
				TEST_HOST = "$(BUILT_PRODUCTS_DIR)/tutorial-swift-syntax.app/tutorial-swift-syntax";
			};
			name = Debug;
		};
		BF8D1DFE27EEF58300961913 /* Release */ = {
			isa = XCBuildConfiguration;
			buildSettings = {
				ALWAYS_EMBED_SWIFT_STANDARD_LIBRARIES = YES;
				BUNDLE_LOADER = "$(TEST_HOST)";
				CODE_SIGN_STYLE = Automatic;
				CURRENT_PROJECT_VERSION = 1;
				GENERATE_INFOPLIST_FILE = YES;
				IPHONEOS_DEPLOYMENT_TARGET = 15.4;
				MARKETING_VERSION = 1.0;
				PRODUCT_BUNDLE_IDENTIFIER = "sootulliyang.dev.tutorial-swift-syntaxTests";
				PRODUCT_NAME = "$(TARGET_NAME)";
				SWIFT_EMIT_LOC_STRINGS = NO;
				SWIFT_VERSION = 5.0;
				TARGETED_DEVICE_FAMILY = "1,2";
				TEST_HOST = "$(BUILT_PRODUCTS_DIR)/tutorial-swift-syntax.app/tutorial-swift-syntax";
			};
			name = Release;
		};
		BF8D1E0027EEF58300961913 /* Debug */ = {
			isa = XCBuildConfiguration;
			buildSettings = {
				ALWAYS_EMBED_SWIFT_STANDARD_LIBRARIES = YES;
				CODE_SIGN_STYLE = Automatic;
				CURRENT_PROJECT_VERSION = 1;
				GENERATE_INFOPLIST_FILE = YES;
				MARKETING_VERSION = 1.0;
				PRODUCT_BUNDLE_IDENTIFIER = "sootulliyang.dev.tutorial-swift-syntaxUITests";
				PRODUCT_NAME = "$(TARGET_NAME)";
				SWIFT_EMIT_LOC_STRINGS = NO;
				SWIFT_VERSION = 5.0;
				TARGETED_DEVICE_FAMILY = "1,2";
				TEST_TARGET_NAME = "tutorial-swift-syntax";
			};
			name = Debug;
		};
		BF8D1E0127EEF58300961913 /* Release */ = {
			isa = XCBuildConfiguration;
			buildSettings = {
				ALWAYS_EMBED_SWIFT_STANDARD_LIBRARIES = YES;
				CODE_SIGN_STYLE = Automatic;
				CURRENT_PROJECT_VERSION = 1;
				GENERATE_INFOPLIST_FILE = YES;
				MARKETING_VERSION = 1.0;
				PRODUCT_BUNDLE_IDENTIFIER = "sootulliyang.dev.tutorial-swift-syntaxUITests";
				PRODUCT_NAME = "$(TARGET_NAME)";
				SWIFT_EMIT_LOC_STRINGS = NO;
				SWIFT_VERSION = 5.0;
				TARGETED_DEVICE_FAMILY = "1,2";
				TEST_TARGET_NAME = "tutorial-swift-syntax";
			};
			name = Release;
		};
/* End XCBuildConfiguration section */

/* Begin XCConfigurationList section */
		BF8D1DD027EEF58200961913 /* Build configuration list for PBXProject "tutorial-swift-syntax" */ = {
			isa = XCConfigurationList;
			buildConfigurations = (
				BF8D1DF727EEF58300961913 /* Debug */,
				BF8D1DF827EEF58300961913 /* Release */,
			);
			defaultConfigurationIsVisible = 0;
			defaultConfigurationName = Release;
		};
		BF8D1DF927EEF58300961913 /* Build configuration list for PBXNativeTarget "tutorial-swift-syntax" */ = {
			isa = XCConfigurationList;
			buildConfigurations = (
				BF8D1DFA27EEF58300961913 /* Debug */,
				BF8D1DFB27EEF58300961913 /* Release */,
			);
			defaultConfigurationIsVisible = 0;
			defaultConfigurationName = Release;
		};
		BF8D1DFC27EEF58300961913 /* Build configuration list for PBXNativeTarget "tutorial-swift-syntaxTests" */ = {
			isa = XCConfigurationList;
			buildConfigurations = (
				BF8D1DFD27EEF58300961913 /* Debug */,
				BF8D1DFE27EEF58300961913 /* Release */,
			);
			defaultConfigurationIsVisible = 0;
			defaultConfigurationName = Release;
		};
		BF8D1DFF27EEF58300961913 /* Build configuration list for PBXNativeTarget "tutorial-swift-syntaxUITests" */ = {
			isa = XCConfigurationList;
			buildConfigurations = (
				BF8D1E0027EEF58300961913 /* Debug */,
				BF8D1E0127EEF58300961913 /* Release */,
			);
			defaultConfigurationIsVisible = 0;
			defaultConfigurationName = Release;
		};
/* End XCConfigurationList section */
	};
	rootObject = BF8D1DCD27EEF58200961913 /* Project object */;
}
